// !$*UTF8*$!
{
	archiveVersion = 1;
	classes = {
	};
	objectVersion = 46;
	objects = {

/* Begin PBXBuildFile section */
		6D32B9BD1CD83640005CE1E0 /* LxGridViewFlowLayout.m in Sources */ = {isa = PBXBuildFile; fileRef = 6D32B9BC1CD83640005CE1E0 /* LxGridViewFlowLayout.m */; };
		6D4608311DFFC60D004FB009 /* TZGifPhotoPreviewController.m in Sources */ = {isa = PBXBuildFile; fileRef = 6D4608301DFFC60D004FB009 /* TZGifPhotoPreviewController.m */; };
		6D5358CD1D64600F00928CC6 /* NSBundle+TZImagePicker.m in Sources */ = {isa = PBXBuildFile; fileRef = 6D5358CC1D64600F00928CC6 /* NSBundle+TZImagePicker.m */; };
		6DC358661CC8BAFD00898D29 /* TZImagePickerController.bundle in Resources */ = {isa = PBXBuildFile; fileRef = 6DC358651CC8BAFD00898D29 /* TZImagePickerController.bundle */; };
		6DC84D0A1DF5358500A107A9 /* TZImageCropManager.m in Sources */ = {isa = PBXBuildFile; fileRef = 6DC84D091DF5358500A107A9 /* TZImageCropManager.m */; };
		6DD0502B1DF659ED0057C78D /* TZProgressView.m in Sources */ = {isa = PBXBuildFile; fileRef = 6DD0502A1DF659ED0057C78D /* TZProgressView.m */; };
		90020E1320F8840800D3AB10 /* TZImagePickerController.podspec in Resources */ = {isa = PBXBuildFile; fileRef = 90020E1220F8840800D3AB10 /* TZImagePickerController.podspec */; };
		90020E1520F8840F00D3AB10 /* README.md in Resources */ = {isa = PBXBuildFile; fileRef = 90020E1420F8840E00D3AB10 /* README.md */; };
		9005E2B3257A462E002A8682 /* UIView+TZLayout.m in Sources */ = {isa = PBXBuildFile; fileRef = 9005E2B1257A462E002A8682 /* UIView+TZLayout.m */; };
		9005E2B4257A462E002A8682 /* UIView+TZLayout.m in Sources */ = {isa = PBXBuildFile; fileRef = 9005E2B1257A462E002A8682 /* UIView+TZLayout.m */; };
		9005E2B5257A462E002A8682 /* UIView+TZLayout.h in Headers */ = {isa = PBXBuildFile; fileRef = 9005E2B2257A462E002A8682 /* UIView+TZLayout.h */; };
		900E65811C2BB8D5003D9A9E /* main.m in Sources */ = {isa = PBXBuildFile; fileRef = 900E65801C2BB8D5003D9A9E /* main.m */; };
		900E65841C2BB8D5003D9A9E /* AppDelegate.m in Sources */ = {isa = PBXBuildFile; fileRef = 900E65831C2BB8D5003D9A9E /* AppDelegate.m */; };
		900E65871C2BB8D5003D9A9E /* ViewController.m in Sources */ = {isa = PBXBuildFile; fileRef = 900E65861C2BB8D5003D9A9E /* ViewController.m */; };
		900E658A1C2BB8D5003D9A9E /* Main.storyboard in Resources */ = {isa = PBXBuildFile; fileRef = 900E65881C2BB8D5003D9A9E /* Main.storyboard */; };
		900E658C1C2BB8D5003D9A9E /* Assets.xcassets in Resources */ = {isa = PBXBuildFile; fileRef = 900E658B1C2BB8D5003D9A9E /* Assets.xcassets */; };
		900E658F1C2BB8D5003D9A9E /* LaunchScreen.storyboard in Resources */ = {isa = PBXBuildFile; fileRef = 900E658D1C2BB8D5003D9A9E /* LaunchScreen.storyboard */; };
		900E659A1C2BB8D5003D9A9E /* TZImagePickerControllerTests.m in Sources */ = {isa = PBXBuildFile; fileRef = 900E65991C2BB8D5003D9A9E /* TZImagePickerControllerTests.m */; };
		900E65A51C2BB8D5003D9A9E /* TZImagePickerControllerUITests.m in Sources */ = {isa = PBXBuildFile; fileRef = 900E65A41C2BB8D5003D9A9E /* TZImagePickerControllerUITests.m */; };
		900EEFF81C2BBF9500EA709B /* TZImagePickerController.m in Sources */ = {isa = PBXBuildFile; fileRef = 900EEFF71C2BBF9500EA709B /* TZImagePickerController.m */; };
		900EEFFE1C2BD58B00EA709B /* TZPhotoPickerController.m in Sources */ = {isa = PBXBuildFile; fileRef = 900EEFFD1C2BD58B00EA709B /* TZPhotoPickerController.m */; };
		900EF0021C2BD7E400EA709B /* TZAssetCell.m in Sources */ = {isa = PBXBuildFile; fileRef = 900EF0001C2BD7E400EA709B /* TZAssetCell.m */; };
		900EF00F1C2C0B1100EA709B /* TZAssetModel.m in Sources */ = {isa = PBXBuildFile; fileRef = 900EF00E1C2C0B1100EA709B /* TZAssetModel.m */; };
		900EF0121C2C107400EA709B /* TZPhotoPreviewController.m in Sources */ = {isa = PBXBuildFile; fileRef = 900EF0111C2C107400EA709B /* TZPhotoPreviewController.m */; };
		900EF0161C2C134900EA709B /* TZPhotoPreviewCell.m in Sources */ = {isa = PBXBuildFile; fileRef = 900EF0141C2C134900EA709B /* TZPhotoPreviewCell.m */; };
		9019FD8D21EC25D7009ADEAE /* TZImageUploadOperation.m in Sources */ = {isa = PBXBuildFile; fileRef = 9019FD8C21EC25D7009ADEAE /* TZImageUploadOperation.m */; };
		901CC3FA21CB757500C55443 /* TZImageRequestOperation.h in Headers */ = {isa = PBXBuildFile; fileRef = 901CC3F821CB757500C55443 /* TZImageRequestOperation.h */; };
		901CC3FB21CB757500C55443 /* TZImageRequestOperation.m in Sources */ = {isa = PBXBuildFile; fileRef = 901CC3F921CB757500C55443 /* TZImageRequestOperation.m */; };
		901CC3FC21CB758500C55443 /* TZImageRequestOperation.m in Sources */ = {isa = PBXBuildFile; fileRef = 901CC3F921CB757500C55443 /* TZImageRequestOperation.m */; };
		901F2295215CABD600F604ED /* FLAnimatedImage.m in Sources */ = {isa = PBXBuildFile; fileRef = 901F2291215CABD600F604ED /* FLAnimatedImage.m */; };
		901F2296215CABD600F604ED /* FLAnimatedImageView.m in Sources */ = {isa = PBXBuildFile; fileRef = 901F2293215CABD600F604ED /* FLAnimatedImageView.m */; };
		902938D81EE2D02C000F2F8F /* TZLocationManager.m in Sources */ = {isa = PBXBuildFile; fileRef = 902938D71EE2D02C000F2F8F /* TZLocationManager.m */; };
		9038D5911C3974F0007DE549 /* TZTestCell.m in Sources */ = {isa = PBXBuildFile; fileRef = 9038D5901C3974F0007DE549 /* TZTestCell.m */; };
		903996931F447604005E77C2 /* Photos.framework in Frameworks */ = {isa = PBXBuildFile; fileRef = 903996921F447604005E77C2 /* Photos.framework */; };
		90A74B85203287C200D84C2A /* Localizable.strings in Resources */ = {isa = PBXBuildFile; fileRef = 90A74B83203287C200D84C2A /* Localizable.strings */; };
		90CE84AE1C3A89EF003D0779 /* TZImageManager.m in Sources */ = {isa = PBXBuildFile; fileRef = 90CE84AD1C3A89EF003D0779 /* TZImageManager.m */; };
		9F763A4A1FA071D000D9E526 /* TZImagePickerController.framework in Embed Frameworks */ = {isa = PBXBuildFile; fileRef = 9F763A421FA071CF00D9E526 /* TZImagePickerController.framework */; settings = {ATTRIBUTES = (CodeSignOnCopy, RemoveHeadersOnCopy, ); }; };
		9F763A501FA072E500D9E526 /* TZImagePickerController.m in Sources */ = {isa = PBXBuildFile; fileRef = 900EEFF71C2BBF9500EA709B /* TZImagePickerController.m */; };
		9F763A521FA072E500D9E526 /* TZPhotoPickerController.m in Sources */ = {isa = PBXBuildFile; fileRef = 900EEFFD1C2BD58B00EA709B /* TZPhotoPickerController.m */; };
		9F763A541FA072E500D9E526 /* TZAssetCell.m in Sources */ = {isa = PBXBuildFile; fileRef = 900EF0001C2BD7E400EA709B /* TZAssetCell.m */; };
		9F763A561FA072E500D9E526 /* TZAssetModel.m in Sources */ = {isa = PBXBuildFile; fileRef = 900EF00E1C2C0B1100EA709B /* TZAssetModel.m */; };
		9F763A581FA072E500D9E526 /* TZPhotoPreviewController.m in Sources */ = {isa = PBXBuildFile; fileRef = 900EF0111C2C107400EA709B /* TZPhotoPreviewController.m */; };
		9F763A5A1FA072E500D9E526 /* TZPhotoPreviewCell.m in Sources */ = {isa = PBXBuildFile; fileRef = 900EF0141C2C134900EA709B /* TZPhotoPreviewCell.m */; };
		9F763A5C1FA072E500D9E526 /* TZVideoPlayerController.m in Sources */ = {isa = PBXBuildFile; fileRef = 90CE84B61C3BABB6003D0779 /* TZVideoPlayerController.m */; };
		9F763A5E1FA072E500D9E526 /* TZGifPhotoPreviewController.m in Sources */ = {isa = PBXBuildFile; fileRef = 6D4608301DFFC60D004FB009 /* TZGifPhotoPreviewController.m */; };
		9F763A601FA072E500D9E526 /* TZProgressView.m in Sources */ = {isa = PBXBuildFile; fileRef = 6DD0502A1DF659ED0057C78D /* TZProgressView.m */; };
		9F763A621FA072E500D9E526 /* TZImageManager.m in Sources */ = {isa = PBXBuildFile; fileRef = 90CE84AD1C3A89EF003D0779 /* TZImageManager.m */; };
		9F763A641FA072E500D9E526 /* TZImageCropManager.m in Sources */ = {isa = PBXBuildFile; fileRef = 6DC84D091DF5358500A107A9 /* TZImageCropManager.m */; };
		9F763A661FA072E500D9E526 /* TZLocationManager.m in Sources */ = {isa = PBXBuildFile; fileRef = 902938D71EE2D02C000F2F8F /* TZLocationManager.m */; };
		9F763A6A1FA072E500D9E526 /* NSBundle+TZImagePicker.m in Sources */ = {isa = PBXBuildFile; fileRef = 6D5358CC1D64600F00928CC6 /* NSBundle+TZImagePicker.m */; };
		9F763A6B1FA0731E00D9E526 /* TZImagePickerController.h in Headers */ = {isa = PBXBuildFile; fileRef = 900EEFF61C2BBF9500EA709B /* TZImagePickerController.h */; settings = {ATTRIBUTES = (Public, ); }; };
		9F763A6C1FA0733100D9E526 /* TZAssetModel.h in Headers */ = {isa = PBXBuildFile; fileRef = 900EF00D1C2C0B1100EA709B /* TZAssetModel.h */; settings = {ATTRIBUTES = (Public, ); }; };
		9F763A6D1FA0733700D9E526 /* NSBundle+TZImagePicker.h in Headers */ = {isa = PBXBuildFile; fileRef = 6D5358CB1D64600F00928CC6 /* NSBundle+TZImagePicker.h */; settings = {ATTRIBUTES = (Public, ); }; };
		9F763A6E1FA0734800D9E526 /* TZImagePickerController.bundle in Resources */ = {isa = PBXBuildFile; fileRef = 6DC358651CC8BAFD00898D29 /* TZImagePickerController.bundle */; };
		9F763A6F1FA0741D00D9E526 /* TZPhotoPickerController.h in Headers */ = {isa = PBXBuildFile; fileRef = 900EEFFC1C2BD58B00EA709B /* TZPhotoPickerController.h */; };
		9F763A701FA0741D00D9E526 /* TZAssetCell.h in Headers */ = {isa = PBXBuildFile; fileRef = 900EEFFF1C2BD7E400EA709B /* TZAssetCell.h */; settings = {ATTRIBUTES = (Public, ); }; };
		9F763A711FA0741D00D9E526 /* TZPhotoPreviewController.h in Headers */ = {isa = PBXBuildFile; fileRef = 900EF0101C2C107400EA709B /* TZPhotoPreviewController.h */; settings = {ATTRIBUTES = (Public, ); }; };
		9F763A721FA0741D00D9E526 /* TZPhotoPreviewCell.h in Headers */ = {isa = PBXBuildFile; fileRef = 900EF0131C2C134800EA709B /* TZPhotoPreviewCell.h */; settings = {ATTRIBUTES = (Public, ); }; };
		9F763A731FA0741D00D9E526 /* TZVideoPlayerController.h in Headers */ = {isa = PBXBuildFile; fileRef = 90CE84B51C3BABB6003D0779 /* TZVideoPlayerController.h */; settings = {ATTRIBUTES = (Public, ); }; };
		9F763A741FA0741D00D9E526 /* TZGifPhotoPreviewController.h in Headers */ = {isa = PBXBuildFile; fileRef = 6D46082F1DFFC60D004FB009 /* TZGifPhotoPreviewController.h */; settings = {ATTRIBUTES = (Public, ); }; };
		9F763A751FA0741D00D9E526 /* TZProgressView.h in Headers */ = {isa = PBXBuildFile; fileRef = 6DD050291DF659ED0057C78D /* TZProgressView.h */; };
		9F763A761FA0741D00D9E526 /* TZImageManager.h in Headers */ = {isa = PBXBuildFile; fileRef = 90CE84AC1C3A89EF003D0779 /* TZImageManager.h */; settings = {ATTRIBUTES = (Public, ); }; };
		9F763A771FA0741D00D9E526 /* TZImageCropManager.h in Headers */ = {isa = PBXBuildFile; fileRef = 6DC84D081DF5358500A107A9 /* TZImageCropManager.h */; };
		9F763A781FA0741D00D9E526 /* TZLocationManager.h in Headers */ = {isa = PBXBuildFile; fileRef = 902938D61EE2D02C000F2F8F /* TZLocationManager.h */; settings = {ATTRIBUTES = (Public, ); }; };
		B606A9C4265FD53200F5493E /* TZVideoCropController.m in Sources */ = {isa = PBXBuildFile; fileRef = B606A9C2265FD53200F5493E /* TZVideoCropController.m */; };
		B606A9CE265FD5F700F5493E /* TZVideoPlayerController.m in Sources */ = {isa = PBXBuildFile; fileRef = 90CE84B61C3BABB6003D0779 /* TZVideoPlayerController.m */; };
		B662C36F2662914D006A672A /* TZVideoEditedPreviewController.m in Sources */ = {isa = PBXBuildFile; fileRef = B662C36E2662914D006A672A /* TZVideoEditedPreviewController.m */; };
		B662C37326629179006A672A /* TZVideoEditedPreviewController.m in Sources */ = {isa = PBXBuildFile; fileRef = B662C36E2662914D006A672A /* TZVideoEditedPreviewController.m */; };
		B6977B0A265FDB280028BA31 /* TZVideoCropController.m in Sources */ = {isa = PBXBuildFile; fileRef = B606A9C2265FD53200F5493E /* TZVideoCropController.m */; };
/* End PBXBuildFile section */

/* Begin PBXContainerItemProxy section */
		900E65961C2BB8D5003D9A9E /* PBXContainerItemProxy */ = {
			isa = PBXContainerItemProxy;
			containerPortal = 900E65741C2BB8D5003D9A9E /* Project object */;
			proxyType = 1;
			remoteGlobalIDString = 900E657B1C2BB8D5003D9A9E;
			remoteInfo = TZImagePickerController;
		};
		900E65A11C2BB8D5003D9A9E /* PBXContainerItemProxy */ = {
			isa = PBXContainerItemProxy;
			containerPortal = 900E65741C2BB8D5003D9A9E /* Project object */;
			proxyType = 1;
			remoteGlobalIDString = 900E657B1C2BB8D5003D9A9E;
			remoteInfo = TZImagePickerController;
		};
		9F763A471FA071D000D9E526 /* PBXContainerItemProxy */ = {
			isa = PBXContainerItemProxy;
			containerPortal = 900E65741C2BB8D5003D9A9E /* Project object */;
			proxyType = 1;
			remoteGlobalIDString = 9F763A411FA071CF00D9E526;
			remoteInfo = TZImagePickerControllerFramework;
		};
/* End PBXContainerItemProxy section */

/* Begin PBXCopyFilesBuildPhase section */
		9F763A4E1FA071D000D9E526 /* Embed Frameworks */ = {
			isa = PBXCopyFilesBuildPhase;
			buildActionMask = 2147483647;
			dstPath = "";
			dstSubfolderSpec = 10;
			files = (
				9F763A4A1FA071D000D9E526 /* TZImagePickerController.framework in Embed Frameworks */,
			);
			name = "Embed Frameworks";
			runOnlyForDeploymentPostprocessing = 0;
		};
/* End PBXCopyFilesBuildPhase section */

/* Begin PBXFileReference section */
		6D12FC191D66B71E00182C44 /* zh-Hans */ = {isa = PBXFileReference; lastKnownFileType = text.plist.strings; name = "zh-Hans"; path = "zh-Hans.lproj/Main.strings"; sourceTree = "<group>"; };
		6D12FC1A1D66B71E00182C44 /* zh-Hans */ = {isa = PBXFileReference; lastKnownFileType = text.plist.strings; name = "zh-Hans"; path = "zh-Hans.lproj/LaunchScreen.strings"; sourceTree = "<group>"; };
		6D32B9BB1CD83640005CE1E0 /* LxGridViewFlowLayout.h */ = {isa = PBXFileReference; fileEncoding = 4; lastKnownFileType = sourcecode.c.h; path = LxGridViewFlowLayout.h; sourceTree = "<group>"; };
		6D32B9BC1CD83640005CE1E0 /* LxGridViewFlowLayout.m */ = {isa = PBXFileReference; fileEncoding = 4; lastKnownFileType = sourcecode.c.objc; path = LxGridViewFlowLayout.m; sourceTree = "<group>"; };
		6D46082F1DFFC60D004FB009 /* TZGifPhotoPreviewController.h */ = {isa = PBXFileReference; fileEncoding = 4; lastKnownFileType = sourcecode.c.h; path = TZGifPhotoPreviewController.h; sourceTree = "<group>"; };
		6D4608301DFFC60D004FB009 /* TZGifPhotoPreviewController.m */ = {isa = PBXFileReference; fileEncoding = 4; lastKnownFileType = sourcecode.c.objc; path = TZGifPhotoPreviewController.m; sourceTree = "<group>"; };
		6D5358CB1D64600F00928CC6 /* NSBundle+TZImagePicker.h */ = {isa = PBXFileReference; fileEncoding = 4; lastKnownFileType = sourcecode.c.h; path = "NSBundle+TZImagePicker.h"; sourceTree = "<group>"; };
		6D5358CC1D64600F00928CC6 /* NSBundle+TZImagePicker.m */ = {isa = PBXFileReference; fileEncoding = 4; lastKnownFileType = sourcecode.c.objc; path = "NSBundle+TZImagePicker.m"; sourceTree = "<group>"; };
		6DC358651CC8BAFD00898D29 /* TZImagePickerController.bundle */ = {isa = PBXFileReference; lastKnownFileType = "wrapper.plug-in"; path = TZImagePickerController.bundle; sourceTree = "<group>"; };
		6DC84D081DF5358500A107A9 /* TZImageCropManager.h */ = {isa = PBXFileReference; fileEncoding = 4; lastKnownFileType = sourcecode.c.h; path = TZImageCropManager.h; sourceTree = "<group>"; };
		6DC84D091DF5358500A107A9 /* TZImageCropManager.m */ = {isa = PBXFileReference; fileEncoding = 4; lastKnownFileType = sourcecode.c.objc; path = TZImageCropManager.m; sourceTree = "<group>"; };
		6DD050291DF659ED0057C78D /* TZProgressView.h */ = {isa = PBXFileReference; fileEncoding = 4; lastKnownFileType = sourcecode.c.h; path = TZProgressView.h; sourceTree = "<group>"; };
		6DD0502A1DF659ED0057C78D /* TZProgressView.m */ = {isa = PBXFileReference; fileEncoding = 4; lastKnownFileType = sourcecode.c.objc; path = TZProgressView.m; sourceTree = "<group>"; };
		90020E1220F8840800D3AB10 /* TZImagePickerController.podspec */ = {isa = PBXFileReference; fileEncoding = 4; lastKnownFileType = text; path = TZImagePickerController.podspec; sourceTree = SOURCE_ROOT; };
		90020E1420F8840E00D3AB10 /* README.md */ = {isa = PBXFileReference; fileEncoding = 4; lastKnownFileType = net.daringfireball.markdown; path = README.md; sourceTree = SOURCE_ROOT; };
		9005E2B1257A462E002A8682 /* UIView+TZLayout.m */ = {isa = PBXFileReference; fileEncoding = 4; lastKnownFileType = sourcecode.c.objc; path = "UIView+TZLayout.m"; sourceTree = "<group>"; };
		9005E2B2257A462E002A8682 /* UIView+TZLayout.h */ = {isa = PBXFileReference; fileEncoding = 4; lastKnownFileType = sourcecode.c.h; path = "UIView+TZLayout.h"; sourceTree = "<group>"; };
		900E657C1C2BB8D5003D9A9E /* TZImagePickerController.app */ = {isa = PBXFileReference; explicitFileType = wrapper.application; includeInIndex = 0; path = TZImagePickerController.app; sourceTree = BUILT_PRODUCTS_DIR; };
		900E65801C2BB8D5003D9A9E /* main.m */ = {isa = PBXFileReference; lastKnownFileType = sourcecode.c.objc; path = main.m; sourceTree = "<group>"; };
		900E65821C2BB8D5003D9A9E /* AppDelegate.h */ = {isa = PBXFileReference; lastKnownFileType = sourcecode.c.h; path = AppDelegate.h; sourceTree = "<group>"; };
		900E65831C2BB8D5003D9A9E /* AppDelegate.m */ = {isa = PBXFileReference; lastKnownFileType = sourcecode.c.objc; path = AppDelegate.m; sourceTree = "<group>"; };
		900E65851C2BB8D5003D9A9E /* ViewController.h */ = {isa = PBXFileReference; lastKnownFileType = sourcecode.c.h; path = ViewController.h; sourceTree = "<group>"; };
		900E65861C2BB8D5003D9A9E /* ViewController.m */ = {isa = PBXFileReference; lastKnownFileType = sourcecode.c.objc; path = ViewController.m; sourceTree = "<group>"; };
		900E65891C2BB8D5003D9A9E /* Base */ = {isa = PBXFileReference; lastKnownFileType = file.storyboard; name = Base; path = Base.lproj/Main.storyboard; sourceTree = "<group>"; };
		900E658B1C2BB8D5003D9A9E /* Assets.xcassets */ = {isa = PBXFileReference; lastKnownFileType = folder.assetcatalog; path = Assets.xcassets; sourceTree = "<group>"; };
		900E658E1C2BB8D5003D9A9E /* Base */ = {isa = PBXFileReference; lastKnownFileType = file.storyboard; name = Base; path = Base.lproj/LaunchScreen.storyboard; sourceTree = "<group>"; };
		900E65901C2BB8D5003D9A9E /* Info.plist */ = {isa = PBXFileReference; lastKnownFileType = text.plist.xml; path = Info.plist; sourceTree = "<group>"; };
		900E65951C2BB8D5003D9A9E /* TZImagePickerControllerTests.xctest */ = {isa = PBXFileReference; explicitFileType = wrapper.cfbundle; includeInIndex = 0; path = TZImagePickerControllerTests.xctest; sourceTree = BUILT_PRODUCTS_DIR; };
		900E65991C2BB8D5003D9A9E /* TZImagePickerControllerTests.m */ = {isa = PBXFileReference; lastKnownFileType = sourcecode.c.objc; path = TZImagePickerControllerTests.m; sourceTree = "<group>"; };
		900E659B1C2BB8D5003D9A9E /* Info.plist */ = {isa = PBXFileReference; lastKnownFileType = text.plist.xml; path = Info.plist; sourceTree = "<group>"; };
		900E65A01C2BB8D5003D9A9E /* TZImagePickerControllerUITests.xctest */ = {isa = PBXFileReference; explicitFileType = wrapper.cfbundle; includeInIndex = 0; path = TZImagePickerControllerUITests.xctest; sourceTree = BUILT_PRODUCTS_DIR; };
		900E65A41C2BB8D5003D9A9E /* TZImagePickerControllerUITests.m */ = {isa = PBXFileReference; lastKnownFileType = sourcecode.c.objc; path = TZImagePickerControllerUITests.m; sourceTree = "<group>"; };
		900E65A61C2BB8D5003D9A9E /* Info.plist */ = {isa = PBXFileReference; lastKnownFileType = text.plist.xml; path = Info.plist; sourceTree = "<group>"; };
		900EEFF61C2BBF9500EA709B /* TZImagePickerController.h */ = {isa = PBXFileReference; fileEncoding = 4; lastKnownFileType = sourcecode.c.h; path = TZImagePickerController.h; sourceTree = "<group>"; };
		900EEFF71C2BBF9500EA709B /* TZImagePickerController.m */ = {isa = PBXFileReference; fileEncoding = 4; lastKnownFileType = sourcecode.c.objc; path = TZImagePickerController.m; sourceTree = "<group>"; };
		900EEFFC1C2BD58B00EA709B /* TZPhotoPickerController.h */ = {isa = PBXFileReference; fileEncoding = 4; lastKnownFileType = sourcecode.c.h; path = TZPhotoPickerController.h; sourceTree = "<group>"; };
		900EEFFD1C2BD58B00EA709B /* TZPhotoPickerController.m */ = {isa = PBXFileReference; fileEncoding = 4; lastKnownFileType = sourcecode.c.objc; path = TZPhotoPickerController.m; sourceTree = "<group>"; };
		900EEFFF1C2BD7E400EA709B /* TZAssetCell.h */ = {isa = PBXFileReference; fileEncoding = 4; lastKnownFileType = sourcecode.c.h; path = TZAssetCell.h; sourceTree = "<group>"; };
		900EF0001C2BD7E400EA709B /* TZAssetCell.m */ = {isa = PBXFileReference; fileEncoding = 4; lastKnownFileType = sourcecode.c.objc; path = TZAssetCell.m; sourceTree = "<group>"; };
		900EF00D1C2C0B1100EA709B /* TZAssetModel.h */ = {isa = PBXFileReference; fileEncoding = 4; lastKnownFileType = sourcecode.c.h; path = TZAssetModel.h; sourceTree = "<group>"; };
		900EF00E1C2C0B1100EA709B /* TZAssetModel.m */ = {isa = PBXFileReference; fileEncoding = 4; lastKnownFileType = sourcecode.c.objc; path = TZAssetModel.m; sourceTree = "<group>"; };
		900EF0101C2C107400EA709B /* TZPhotoPreviewController.h */ = {isa = PBXFileReference; fileEncoding = 4; lastKnownFileType = sourcecode.c.h; path = TZPhotoPreviewController.h; sourceTree = "<group>"; };
		900EF0111C2C107400EA709B /* TZPhotoPreviewController.m */ = {isa = PBXFileReference; fileEncoding = 4; lastKnownFileType = sourcecode.c.objc; path = TZPhotoPreviewController.m; sourceTree = "<group>"; };
		900EF0131C2C134800EA709B /* TZPhotoPreviewCell.h */ = {isa = PBXFileReference; fileEncoding = 4; lastKnownFileType = sourcecode.c.h; path = TZPhotoPreviewCell.h; sourceTree = "<group>"; };
		900EF0141C2C134900EA709B /* TZPhotoPreviewCell.m */ = {isa = PBXFileReference; fileEncoding = 4; lastKnownFileType = sourcecode.c.objc; path = TZPhotoPreviewCell.m; sourceTree = "<group>"; };
		9019FD8B21EC25D7009ADEAE /* TZImageUploadOperation.h */ = {isa = PBXFileReference; fileEncoding = 4; lastKnownFileType = sourcecode.c.h; path = TZImageUploadOperation.h; sourceTree = "<group>"; };
		9019FD8C21EC25D7009ADEAE /* TZImageUploadOperation.m */ = {isa = PBXFileReference; fileEncoding = 4; lastKnownFileType = sourcecode.c.objc; path = TZImageUploadOperation.m; sourceTree = "<group>"; };
		901CC3F821CB757500C55443 /* TZImageRequestOperation.h */ = {isa = PBXFileReference; lastKnownFileType = sourcecode.c.h; path = TZImageRequestOperation.h; sourceTree = "<group>"; };
		901CC3F921CB757500C55443 /* TZImageRequestOperation.m */ = {isa = PBXFileReference; lastKnownFileType = sourcecode.c.objc; path = TZImageRequestOperation.m; sourceTree = "<group>"; };
		901F2290215CABD600F604ED /* FLAnimatedImage.h */ = {isa = PBXFileReference; fileEncoding = 4; lastKnownFileType = sourcecode.c.h; path = FLAnimatedImage.h; sourceTree = "<group>"; };
		901F2291215CABD600F604ED /* FLAnimatedImage.m */ = {isa = PBXFileReference; fileEncoding = 4; lastKnownFileType = sourcecode.c.objc; path = FLAnimatedImage.m; sourceTree = "<group>"; };
		901F2292215CABD600F604ED /* FLAnimatedImageView.h */ = {isa = PBXFileReference; fileEncoding = 4; lastKnownFileType = sourcecode.c.h; path = FLAnimatedImageView.h; sourceTree = "<group>"; };
		901F2293215CABD600F604ED /* FLAnimatedImageView.m */ = {isa = PBXFileReference; fileEncoding = 4; lastKnownFileType = sourcecode.c.objc; path = FLAnimatedImageView.m; sourceTree = "<group>"; };
		902938D61EE2D02C000F2F8F /* TZLocationManager.h */ = {isa = PBXFileReference; fileEncoding = 4; lastKnownFileType = sourcecode.c.h; path = TZLocationManager.h; sourceTree = "<group>"; };
		902938D71EE2D02C000F2F8F /* TZLocationManager.m */ = {isa = PBXFileReference; fileEncoding = 4; lastKnownFileType = sourcecode.c.objc; path = TZLocationManager.m; sourceTree = "<group>"; };
		9038D58F1C3974F0007DE549 /* TZTestCell.h */ = {isa = PBXFileReference; fileEncoding = 4; lastKnownFileType = sourcecode.c.h; path = TZTestCell.h; sourceTree = "<group>"; };
		9038D5901C3974F0007DE549 /* TZTestCell.m */ = {isa = PBXFileReference; fileEncoding = 4; lastKnownFileType = sourcecode.c.objc; path = TZTestCell.m; sourceTree = "<group>"; };
		903996921F447604005E77C2 /* Photos.framework */ = {isa = PBXFileReference; lastKnownFileType = wrapper.framework; name = Photos.framework; path = System/Library/Frameworks/Photos.framework; sourceTree = SDKROOT; };
		903996941F447609005E77C2 /* AssetsLibrary.framework */ = {isa = PBXFileReference; lastKnownFileType = wrapper.framework; name = AssetsLibrary.framework; path = System/Library/Frameworks/AssetsLibrary.framework; sourceTree = SDKROOT; };
		909DBC95216B981B00926570 /* ar-001 */ = {isa = PBXFileReference; lastKnownFileType = text.plist.strings; name = "ar-001"; path = "ar-001.lproj/Main.strings"; sourceTree = "<group>"; };
		909DBC96216B981B00926570 /* ar-001 */ = {isa = PBXFileReference; lastKnownFileType = text.plist.strings; name = "ar-001"; path = "ar-001.lproj/LaunchScreen.strings"; sourceTree = "<group>"; };
		909DBC97216B981B00926570 /* ar-001 */ = {isa = PBXFileReference; lastKnownFileType = text.plist.strings; name = "ar-001"; path = "../ar-001.lproj/Localizable.strings"; sourceTree = "<group>"; };
		90A74B84203287C200D84C2A /* tz-ru */ = {isa = PBXFileReference; lastKnownFileType = text.plist.strings; name = "tz-ru"; path = Localizable.strings; sourceTree = "<group>"; };
		90CE84AC1C3A89EF003D0779 /* TZImageManager.h */ = {isa = PBXFileReference; fileEncoding = 4; lastKnownFileType = sourcecode.c.h; path = TZImageManager.h; sourceTree = "<group>"; };
		90CE84AD1C3A89EF003D0779 /* TZImageManager.m */ = {isa = PBXFileReference; fileEncoding = 4; lastKnownFileType = sourcecode.c.objc; path = TZImageManager.m; sourceTree = "<group>"; };
		90CE84B51C3BABB6003D0779 /* TZVideoPlayerController.h */ = {isa = PBXFileReference; fileEncoding = 4; lastKnownFileType = sourcecode.c.h; path = TZVideoPlayerController.h; sourceTree = "<group>"; };
		90CE84B61C3BABB6003D0779 /* TZVideoPlayerController.m */ = {isa = PBXFileReference; fileEncoding = 4; lastKnownFileType = sourcecode.c.objc; path = TZVideoPlayerController.m; sourceTree = "<group>"; };
		9F763A421FA071CF00D9E526 /* TZImagePickerController.framework */ = {isa = PBXFileReference; explicitFileType = wrapper.framework; includeInIndex = 0; path = TZImagePickerController.framework; sourceTree = BUILT_PRODUCTS_DIR; };
		9F763A451FA071D000D9E526 /* Info.plist */ = {isa = PBXFileReference; lastKnownFileType = text.plist.xml; path = Info.plist; sourceTree = "<group>"; };
		B606A9C2265FD53200F5493E /* TZVideoCropController.m */ = {isa = PBXFileReference; fileEncoding = 4; lastKnownFileType = sourcecode.c.objc; path = TZVideoCropController.m; sourceTree = "<group>"; };
		B606A9C3265FD53200F5493E /* TZVideoCropController.h */ = {isa = PBXFileReference; fileEncoding = 4; lastKnownFileType = sourcecode.c.h; path = TZVideoCropController.h; sourceTree = "<group>"; };
		B662C36D2662914D006A672A /* TZVideoEditedPreviewController.h */ = {isa = PBXFileReference; lastKnownFileType = sourcecode.c.h; path = TZVideoEditedPreviewController.h; sourceTree = "<group>"; };
		B662C36E2662914D006A672A /* TZVideoEditedPreviewController.m */ = {isa = PBXFileReference; lastKnownFileType = sourcecode.c.objc; path = TZVideoEditedPreviewController.m; sourceTree = "<group>"; };
/* End PBXFileReference section */

/* Begin PBXFrameworksBuildPhase section */
		900E65791C2BB8D5003D9A9E /* Frameworks */ = {
			isa = PBXFrameworksBuildPhase;
			buildActionMask = 2147483647;
			files = (
				903996931F447604005E77C2 /* Photos.framework in Frameworks */,
			);
			runOnlyForDeploymentPostprocessing = 0;
		};
		900E65921C2BB8D5003D9A9E /* Frameworks */ = {
			isa = PBXFrameworksBuildPhase;
			buildActionMask = 2147483647;
			files = (
			);
			runOnlyForDeploymentPostprocessing = 0;
		};
		900E659D1C2BB8D5003D9A9E /* Frameworks */ = {
			isa = PBXFrameworksBuildPhase;
			buildActionMask = 2147483647;
			files = (
			);
			runOnlyForDeploymentPostprocessing = 0;
		};
		9F763A3E1FA071CF00D9E526 /* Frameworks */ = {
			isa = PBXFrameworksBuildPhase;
			buildActionMask = 2147483647;
			files = (
			);
			runOnlyForDeploymentPostprocessing = 0;
		};
/* End PBXFrameworksBuildPhase section */

/* Begin PBXGroup section */
		6DC358641CC8BAE300898D29 /* Resources */ = {
			isa = PBXGroup;
			children = (
				6DC358651CC8BAFD00898D29 /* TZImagePickerController.bundle */,
			);
			name = Resources;
			sourceTree = "<group>";
		};
		900E65731C2BB8D5003D9A9E = {
			isa = PBXGroup;
			children = (
				900E657E1C2BB8D5003D9A9E /* TZImagePickerController */,
				900E65981C2BB8D5003D9A9E /* TZImagePickerControllerTests */,
				900E65A31C2BB8D5003D9A9E /* TZImagePickerControllerUITests */,
				9F763A431FA071D000D9E526 /* TZImagePickerControllerFramework */,
				900E657D1C2BB8D5003D9A9E /* Products */,
				903996911F447603005E77C2 /* Frameworks */,
			);
			sourceTree = "<group>";
		};
		900E657D1C2BB8D5003D9A9E /* Products */ = {
			isa = PBXGroup;
			children = (
				900E657C1C2BB8D5003D9A9E /* TZImagePickerController.app */,
				900E65951C2BB8D5003D9A9E /* TZImagePickerControllerTests.xctest */,
				900E65A01C2BB8D5003D9A9E /* TZImagePickerControllerUITests.xctest */,
				9F763A421FA071CF00D9E526 /* TZImagePickerController.framework */,
			);
			name = Products;
			sourceTree = "<group>";
		};
		900E657E1C2BB8D5003D9A9E /* TZImagePickerController */ = {
			isa = PBXGroup;
			children = (
				901F228F215CABD600F604ED /* FLAnimatedImage */,
				900EEFF51C2BBF7600EA709B /* TZImagePickerController */,
				900E65821C2BB8D5003D9A9E /* AppDelegate.h */,
				900E65831C2BB8D5003D9A9E /* AppDelegate.m */,
				900E65851C2BB8D5003D9A9E /* ViewController.h */,
				900E65861C2BB8D5003D9A9E /* ViewController.m */,
				9019FD8B21EC25D7009ADEAE /* TZImageUploadOperation.h */,
				9019FD8C21EC25D7009ADEAE /* TZImageUploadOperation.m */,
				6D32B9BB1CD83640005CE1E0 /* LxGridViewFlowLayout.h */,
				6D32B9BC1CD83640005CE1E0 /* LxGridViewFlowLayout.m */,
				9038D58F1C3974F0007DE549 /* TZTestCell.h */,
				9038D5901C3974F0007DE549 /* TZTestCell.m */,
				90020E1420F8840E00D3AB10 /* README.md */,
				90020E1220F8840800D3AB10 /* TZImagePickerController.podspec */,
				900E65881C2BB8D5003D9A9E /* Main.storyboard */,
				900E658B1C2BB8D5003D9A9E /* Assets.xcassets */,
				900E658D1C2BB8D5003D9A9E /* LaunchScreen.storyboard */,
				900E65901C2BB8D5003D9A9E /* Info.plist */,
				900E657F1C2BB8D5003D9A9E /* Supporting Files */,
			);
			path = TZImagePickerController;
			sourceTree = "<group>";
		};
		900E657F1C2BB8D5003D9A9E /* Supporting Files */ = {
			isa = PBXGroup;
			children = (
				90A74B82203287C200D84C2A /* tz-ru.lproj */,
				900E65801C2BB8D5003D9A9E /* main.m */,
			);
			name = "Supporting Files";
			sourceTree = "<group>";
		};
		900E65981C2BB8D5003D9A9E /* TZImagePickerControllerTests */ = {
			isa = PBXGroup;
			children = (
				900E65991C2BB8D5003D9A9E /* TZImagePickerControllerTests.m */,
				900E659B1C2BB8D5003D9A9E /* Info.plist */,
			);
			path = TZImagePickerControllerTests;
			sourceTree = "<group>";
		};
		900E65A31C2BB8D5003D9A9E /* TZImagePickerControllerUITests */ = {
			isa = PBXGroup;
			children = (
				900E65A41C2BB8D5003D9A9E /* TZImagePickerControllerUITests.m */,
				900E65A61C2BB8D5003D9A9E /* Info.plist */,
			);
			path = TZImagePickerControllerUITests;
			sourceTree = "<group>";
		};
		900EEFF51C2BBF7600EA709B /* TZImagePickerController */ = {
			isa = PBXGroup;
			children = (
				900EEFF61C2BBF9500EA709B /* TZImagePickerController.h */,
				900EEFF71C2BBF9500EA709B /* TZImagePickerController.m */,
				900EEFFC1C2BD58B00EA709B /* TZPhotoPickerController.h */,
				900EEFFD1C2BD58B00EA709B /* TZPhotoPickerController.m */,
				900EEFFF1C2BD7E400EA709B /* TZAssetCell.h */,
				900EF0001C2BD7E400EA709B /* TZAssetCell.m */,
				900EF00D1C2C0B1100EA709B /* TZAssetModel.h */,
				900EF00E1C2C0B1100EA709B /* TZAssetModel.m */,
				900EF0101C2C107400EA709B /* TZPhotoPreviewController.h */,
				900EF0111C2C107400EA709B /* TZPhotoPreviewController.m */,
				900EF0131C2C134800EA709B /* TZPhotoPreviewCell.h */,
				900EF0141C2C134900EA709B /* TZPhotoPreviewCell.m */,
				90CE84B51C3BABB6003D0779 /* TZVideoPlayerController.h */,
				90CE84B61C3BABB6003D0779 /* TZVideoPlayerController.m */,
				6D46082F1DFFC60D004FB009 /* TZGifPhotoPreviewController.h */,
				6D4608301DFFC60D004FB009 /* TZGifPhotoPreviewController.m */,
				B606A9C3265FD53200F5493E /* TZVideoCropController.h */,
				B606A9C2265FD53200F5493E /* TZVideoCropController.m */,
				B662C36D2662914D006A672A /* TZVideoEditedPreviewController.h */,
				B662C36E2662914D006A672A /* TZVideoEditedPreviewController.m */,
				6DD050291DF659ED0057C78D /* TZProgressView.h */,
				6DD0502A1DF659ED0057C78D /* TZProgressView.m */,
				90CE84AC1C3A89EF003D0779 /* TZImageManager.h */,
				90CE84AD1C3A89EF003D0779 /* TZImageManager.m */,
				901CC3F821CB757500C55443 /* TZImageRequestOperation.h */,
				901CC3F921CB757500C55443 /* TZImageRequestOperation.m */,
				6DC84D081DF5358500A107A9 /* TZImageCropManager.h */,
				6DC84D091DF5358500A107A9 /* TZImageCropManager.m */,
				902938D61EE2D02C000F2F8F /* TZLocationManager.h */,
				902938D71EE2D02C000F2F8F /* TZLocationManager.m */,
				9005E2B2257A462E002A8682 /* UIView+TZLayout.h */,
				9005E2B1257A462E002A8682 /* UIView+TZLayout.m */,
				6D5358CB1D64600F00928CC6 /* NSBundle+TZImagePicker.h */,
				6D5358CC1D64600F00928CC6 /* NSBundle+TZImagePicker.m */,
				6DC358641CC8BAE300898D29 /* Resources */,
			);
			path = TZImagePickerController;
			sourceTree = "<group>";
		};
		901F228F215CABD600F604ED /* FLAnimatedImage */ = {
			isa = PBXGroup;
			children = (
				901F2290215CABD600F604ED /* FLAnimatedImage.h */,
				901F2291215CABD600F604ED /* FLAnimatedImage.m */,
				901F2292215CABD600F604ED /* FLAnimatedImageView.h */,
				901F2293215CABD600F604ED /* FLAnimatedImageView.m */,
			);
			path = FLAnimatedImage;
			sourceTree = "<group>";
		};
		903996911F447603005E77C2 /* Frameworks */ = {
			isa = PBXGroup;
			children = (
				903996941F447609005E77C2 /* AssetsLibrary.framework */,
				903996921F447604005E77C2 /* Photos.framework */,
			);
			name = Frameworks;
			sourceTree = "<group>";
		};
		90A74B82203287C200D84C2A /* tz-ru.lproj */ = {
			isa = PBXGroup;
			children = (
				90A74B83203287C200D84C2A /* Localizable.strings */,
			);
			path = "tz-ru.lproj";
			sourceTree = "<group>";
		};
		9F763A431FA071D000D9E526 /* TZImagePickerControllerFramework */ = {
			isa = PBXGroup;
			children = (
				9F763A451FA071D000D9E526 /* Info.plist */,
			);
			path = TZImagePickerControllerFramework;
			sourceTree = "<group>";
		};
/* End PBXGroup section */

/* Begin PBXHeadersBuildPhase section */
		9F763A3F1FA071CF00D9E526 /* Headers */ = {
			isa = PBXHeadersBuildPhase;
			buildActionMask = 2147483647;
			files = (
				901CC3FA21CB757500C55443 /* TZImageRequestOperation.h in Headers */,
				9F763A6B1FA0731E00D9E526 /* TZImagePickerController.h in Headers */,
				9F763A6D1FA0733700D9E526 /* NSBundle+TZImagePicker.h in Headers */,
				9F763A6C1FA0733100D9E526 /* TZAssetModel.h in Headers */,
				9F763A731FA0741D00D9E526 /* TZVideoPlayerController.h in Headers */,
				9F763A741FA0741D00D9E526 /* TZGifPhotoPreviewController.h in Headers */,
				9005E2B5257A462E002A8682 /* UIView+TZLayout.h in Headers */,
				9F763A761FA0741D00D9E526 /* TZImageManager.h in Headers */,
				9F763A781FA0741D00D9E526 /* TZLocationManager.h in Headers */,
				9F763A711FA0741D00D9E526 /* TZPhotoPreviewController.h in Headers */,
				9F763A721FA0741D00D9E526 /* TZPhotoPreviewCell.h in Headers */,
				9F763A701FA0741D00D9E526 /* TZAssetCell.h in Headers */,
				9F763A6F1FA0741D00D9E526 /* TZPhotoPickerController.h in Headers */,
				9F763A751FA0741D00D9E526 /* TZProgressView.h in Headers */,
				9F763A771FA0741D00D9E526 /* TZImageCropManager.h in Headers */,
			);
			runOnlyForDeploymentPostprocessing = 0;
		};
/* End PBXHeadersBuildPhase section */

/* Begin PBXNativeTarget section */
		900E657B1C2BB8D5003D9A9E /* TZImagePickerController */ = {
			isa = PBXNativeTarget;
			buildConfigurationList = 900E65A91C2BB8D5003D9A9E /* Build configuration list for PBXNativeTarget "TZImagePickerController" */;
			buildPhases = (
				900E65781C2BB8D5003D9A9E /* Sources */,
				900E65791C2BB8D5003D9A9E /* Frameworks */,
				900E657A1C2BB8D5003D9A9E /* Resources */,
				9F763A4E1FA071D000D9E526 /* Embed Frameworks */,
			);
			buildRules = (
			);
			dependencies = (
				9F763A481FA071D000D9E526 /* PBXTargetDependency */,
			);
			name = TZImagePickerController;
			productName = TZImagePickerController;
			productReference = 900E657C1C2BB8D5003D9A9E /* TZImagePickerController.app */;
			productType = "com.apple.product-type.application";
		};
		900E65941C2BB8D5003D9A9E /* TZImagePickerControllerTests */ = {
			isa = PBXNativeTarget;
			buildConfigurationList = 900E65AC1C2BB8D5003D9A9E /* Build configuration list for PBXNativeTarget "TZImagePickerControllerTests" */;
			buildPhases = (
				900E65911C2BB8D5003D9A9E /* Sources */,
				900E65921C2BB8D5003D9A9E /* Frameworks */,
				900E65931C2BB8D5003D9A9E /* Resources */,
			);
			buildRules = (
			);
			dependencies = (
				900E65971C2BB8D5003D9A9E /* PBXTargetDependency */,
			);
			name = TZImagePickerControllerTests;
			productName = TZImagePickerControllerTests;
			productReference = 900E65951C2BB8D5003D9A9E /* TZImagePickerControllerTests.xctest */;
			productType = "com.apple.product-type.bundle.unit-test";
		};
		900E659F1C2BB8D5003D9A9E /* TZImagePickerControllerUITests */ = {
			isa = PBXNativeTarget;
			buildConfigurationList = 900E65AF1C2BB8D5003D9A9E /* Build configuration list for PBXNativeTarget "TZImagePickerControllerUITests" */;
			buildPhases = (
				900E659C1C2BB8D5003D9A9E /* Sources */,
				900E659D1C2BB8D5003D9A9E /* Frameworks */,
				900E659E1C2BB8D5003D9A9E /* Resources */,
			);
			buildRules = (
			);
			dependencies = (
				900E65A21C2BB8D5003D9A9E /* PBXTargetDependency */,
			);
			name = TZImagePickerControllerUITests;
			productName = TZImagePickerControllerUITests;
			productReference = 900E65A01C2BB8D5003D9A9E /* TZImagePickerControllerUITests.xctest */;
			productType = "com.apple.product-type.bundle.ui-testing";
		};
		9F763A411FA071CF00D9E526 /* TZImagePickerControllerFramework */ = {
			isa = PBXNativeTarget;
			buildConfigurationList = 9F763A4D1FA071D000D9E526 /* Build configuration list for PBXNativeTarget "TZImagePickerControllerFramework" */;
			buildPhases = (
				9F763A3D1FA071CF00D9E526 /* Sources */,
				9F763A3E1FA071CF00D9E526 /* Frameworks */,
				9F763A3F1FA071CF00D9E526 /* Headers */,
				9F763A401FA071CF00D9E526 /* Resources */,
			);
			buildRules = (
			);
			dependencies = (
			);
			name = TZImagePickerControllerFramework;
			productName = TZImagePickerControllerFramework;
			productReference = 9F763A421FA071CF00D9E526 /* TZImagePickerController.framework */;
			productType = "com.apple.product-type.framework";
		};
/* End PBXNativeTarget section */

/* Begin PBXProject section */
		900E65741C2BB8D5003D9A9E /* Project object */ = {
			isa = PBXProject;
			attributes = {
				LastUpgradeCheck = 0930;
				ORGANIZATIONNAME = "谭真";
				TargetAttributes = {
					900E657B1C2BB8D5003D9A9E = {
						CreatedOnToolsVersion = 7.2;
						DevelopmentTeam = LTFQDC2QVX;
						ProvisioningStyle = Automatic;
					};
					900E65941C2BB8D5003D9A9E = {
						CreatedOnToolsVersion = 7.2;
						TestTargetID = 900E657B1C2BB8D5003D9A9E;
					};
					900E659F1C2BB8D5003D9A9E = {
						CreatedOnToolsVersion = 7.2;
						TestTargetID = 900E657B1C2BB8D5003D9A9E;
					};
					9F763A411FA071CF00D9E526 = {
						CreatedOnToolsVersion = 9.0.1;
						ProvisioningStyle = Automatic;
					};
				};
			};
			buildConfigurationList = 900E65771C2BB8D5003D9A9E /* Build configuration list for PBXProject "TZImagePickerController" */;
			compatibilityVersion = "Xcode 3.2";
			developmentRegion = English;
			hasScannedForEncodings = 0;
			knownRegions = (
				English,
				en,
				Base,
				"zh-Hans",
				"tz-ru",
				"ar-001",
			);
			mainGroup = 900E65731C2BB8D5003D9A9E;
			productRefGroup = 900E657D1C2BB8D5003D9A9E /* Products */;
			projectDirPath = "";
			projectRoot = "";
			targets = (
				900E657B1C2BB8D5003D9A9E /* TZImagePickerController */,
				900E65941C2BB8D5003D9A9E /* TZImagePickerControllerTests */,
				900E659F1C2BB8D5003D9A9E /* TZImagePickerControllerUITests */,
				9F763A411FA071CF00D9E526 /* TZImagePickerControllerFramework */,
			);
		};
/* End PBXProject section */

/* Begin PBXResourcesBuildPhase section */
		900E657A1C2BB8D5003D9A9E /* Resources */ = {
			isa = PBXResourcesBuildPhase;
			buildActionMask = 2147483647;
			files = (
				90020E1320F8840800D3AB10 /* TZImagePickerController.podspec in Resources */,
				90A74B85203287C200D84C2A /* Localizable.strings in Resources */,
				900E658F1C2BB8D5003D9A9E /* LaunchScreen.storyboard in Resources */,
				90020E1520F8840F00D3AB10 /* README.md in Resources */,
				6DC358661CC8BAFD00898D29 /* TZImagePickerController.bundle in Resources */,
				900E658C1C2BB8D5003D9A9E /* Assets.xcassets in Resources */,
				900E658A1C2BB8D5003D9A9E /* Main.storyboard in Resources */,
			);
			runOnlyForDeploymentPostprocessing = 0;
		};
		900E65931C2BB8D5003D9A9E /* Resources */ = {
			isa = PBXResourcesBuildPhase;
			buildActionMask = 2147483647;
			files = (
			);
			runOnlyForDeploymentPostprocessing = 0;
		};
		900E659E1C2BB8D5003D9A9E /* Resources */ = {
			isa = PBXResourcesBuildPhase;
			buildActionMask = 2147483647;
			files = (
			);
			runOnlyForDeploymentPostprocessing = 0;
		};
		9F763A401FA071CF00D9E526 /* Resources */ = {
			isa = PBXResourcesBuildPhase;
			buildActionMask = 2147483647;
			files = (
				9F763A6E1FA0734800D9E526 /* TZImagePickerController.bundle in Resources */,
			);
			runOnlyForDeploymentPostprocessing = 0;
		};
/* End PBXResourcesBuildPhase section */

/* Begin PBXSourcesBuildPhase section */
		900E65781C2BB8D5003D9A9E /* Sources */ = {
			isa = PBXSourcesBuildPhase;
			buildActionMask = 2147483647;
			files = (
				B606A9CE265FD5F700F5493E /* TZVideoPlayerController.m in Sources */,
				B662C36F2662914D006A672A /* TZVideoEditedPreviewController.m in Sources */,
				9038D5911C3974F0007DE549 /* TZTestCell.m in Sources */,
				900EF00F1C2C0B1100EA709B /* TZAssetModel.m in Sources */,
				900EEFFE1C2BD58B00EA709B /* TZPhotoPickerController.m in Sources */,
				900EF0021C2BD7E400EA709B /* TZAssetCell.m in Sources */,
				6DD0502B1DF659ED0057C78D /* TZProgressView.m in Sources */,
				6D32B9BD1CD83640005CE1E0 /* LxGridViewFlowLayout.m in Sources */,
				6D4608311DFFC60D004FB009 /* TZGifPhotoPreviewController.m in Sources */,
				900EF0161C2C134900EA709B /* TZPhotoPreviewCell.m in Sources */,
				900E65871C2BB8D5003D9A9E /* ViewController.m in Sources */,
				90CE84AE1C3A89EF003D0779 /* TZImageManager.m in Sources */,
				901F2295215CABD600F604ED /* FLAnimatedImage.m in Sources */,
				900E65841C2BB8D5003D9A9E /* AppDelegate.m in Sources */,
				9005E2B3257A462E002A8682 /* UIView+TZLayout.m in Sources */,
				B606A9C4265FD53200F5493E /* TZVideoCropController.m in Sources */,
				901F2296215CABD600F604ED /* FLAnimatedImageView.m in Sources */,
				9019FD8D21EC25D7009ADEAE /* TZImageUploadOperation.m in Sources */,
				900E65811C2BB8D5003D9A9E /* main.m in Sources */,
				900EF0121C2C107400EA709B /* TZPhotoPreviewController.m in Sources */,
				901CC3FC21CB758500C55443 /* TZImageRequestOperation.m in Sources */,
				6D5358CD1D64600F00928CC6 /* NSBundle+TZImagePicker.m in Sources */,
				900EEFF81C2BBF9500EA709B /* TZImagePickerController.m in Sources */,
				902938D81EE2D02C000F2F8F /* TZLocationManager.m in Sources */,
				6DC84D0A1DF5358500A107A9 /* TZImageCropManager.m in Sources */,
			);
			runOnlyForDeploymentPostprocessing = 0;
		};
		900E65911C2BB8D5003D9A9E /* Sources */ = {
			isa = PBXSourcesBuildPhase;
			buildActionMask = 2147483647;
			files = (
				900E659A1C2BB8D5003D9A9E /* TZImagePickerControllerTests.m in Sources */,
			);
			runOnlyForDeploymentPostprocessing = 0;
		};
		900E659C1C2BB8D5003D9A9E /* Sources */ = {
			isa = PBXSourcesBuildPhase;
			buildActionMask = 2147483647;
			files = (
				900E65A51C2BB8D5003D9A9E /* TZImagePickerControllerUITests.m in Sources */,
			);
			runOnlyForDeploymentPostprocessing = 0;
		};
		9F763A3D1FA071CF00D9E526 /* Sources */ = {
			isa = PBXSourcesBuildPhase;
			buildActionMask = 2147483647;
			files = (
				B662C37326629179006A672A /* TZVideoEditedPreviewController.m in Sources */,
				B6977B0A265FDB280028BA31 /* TZVideoCropController.m in Sources */,
				901CC3FB21CB757500C55443 /* TZImageRequestOperation.m in Sources */,
				9F763A501FA072E500D9E526 /* TZImagePickerController.m in Sources */,
				9F763A521FA072E500D9E526 /* TZPhotoPickerController.m in Sources */,
				9F763A541FA072E500D9E526 /* TZAssetCell.m in Sources */,
				9F763A561FA072E500D9E526 /* TZAssetModel.m in Sources */,
				9F763A581FA072E500D9E526 /* TZPhotoPreviewController.m in Sources */,
				9005E2B4257A462E002A8682 /* UIView+TZLayout.m in Sources */,
				9F763A5A1FA072E500D9E526 /* TZPhotoPreviewCell.m in Sources */,
				9F763A5C1FA072E500D9E526 /* TZVideoPlayerController.m in Sources */,
				9F763A5E1FA072E500D9E526 /* TZGifPhotoPreviewController.m in Sources */,
				9F763A601FA072E500D9E526 /* TZProgressView.m in Sources */,
				9F763A621FA072E500D9E526 /* TZImageManager.m in Sources */,
				9F763A641FA072E500D9E526 /* TZImageCropManager.m in Sources */,
				9F763A661FA072E500D9E526 /* TZLocationManager.m in Sources */,
				9F763A6A1FA072E500D9E526 /* NSBundle+TZImagePicker.m in Sources */,
			);
			runOnlyForDeploymentPostprocessing = 0;
		};
/* End PBXSourcesBuildPhase section */

/* Begin PBXTargetDependency section */
		900E65971C2BB8D5003D9A9E /* PBXTargetDependency */ = {
			isa = PBXTargetDependency;
			target = 900E657B1C2BB8D5003D9A9E /* TZImagePickerController */;
			targetProxy = 900E65961C2BB8D5003D9A9E /* PBXContainerItemProxy */;
		};
		900E65A21C2BB8D5003D9A9E /* PBXTargetDependency */ = {
			isa = PBXTargetDependency;
			target = 900E657B1C2BB8D5003D9A9E /* TZImagePickerController */;
			targetProxy = 900E65A11C2BB8D5003D9A9E /* PBXContainerItemProxy */;
		};
		9F763A481FA071D000D9E526 /* PBXTargetDependency */ = {
			isa = PBXTargetDependency;
			target = 9F763A411FA071CF00D9E526 /* TZImagePickerControllerFramework */;
			targetProxy = 9F763A471FA071D000D9E526 /* PBXContainerItemProxy */;
		};
/* End PBXTargetDependency section */

/* Begin PBXVariantGroup section */
		900E65881C2BB8D5003D9A9E /* Main.storyboard */ = {
			isa = PBXVariantGroup;
			children = (
				900E65891C2BB8D5003D9A9E /* Base */,
				6D12FC191D66B71E00182C44 /* zh-Hans */,
				909DBC95216B981B00926570 /* ar-001 */,
			);
			name = Main.storyboard;
			sourceTree = "<group>";
		};
		900E658D1C2BB8D5003D9A9E /* LaunchScreen.storyboard */ = {
			isa = PBXVariantGroup;
			children = (
				900E658E1C2BB8D5003D9A9E /* Base */,
				6D12FC1A1D66B71E00182C44 /* zh-Hans */,
				909DBC96216B981B00926570 /* ar-001 */,
			);
			name = LaunchScreen.storyboard;
			sourceTree = "<group>";
		};
		90A74B83203287C200D84C2A /* Localizable.strings */ = {
			isa = PBXVariantGroup;
			children = (
				90A74B84203287C200D84C2A /* tz-ru */,
				909DBC97216B981B00926570 /* ar-001 */,
			);
			name = Localizable.strings;
			sourceTree = "<group>";
		};
/* End PBXVariantGroup section */

/* Begin XCBuildConfiguration section */
		900E65A71C2BB8D5003D9A9E /* Debug */ = {
			isa = XCBuildConfiguration;
			buildSettings = {
				ALWAYS_SEARCH_USER_PATHS = NO;
				CLANG_ANALYZER_LOCALIZABILITY_NONLOCALIZED = YES;
				CLANG_CXX_LANGUAGE_STANDARD = "gnu++0x";
				CLANG_CXX_LIBRARY = "libc++";
				CLANG_ENABLE_MODULES = YES;
				CLANG_ENABLE_OBJC_ARC = YES;
				CLANG_WARN_BLOCK_CAPTURE_AUTORELEASING = YES;
				CLANG_WARN_BOOL_CONVERSION = YES;
				CLANG_WARN_COMMA = YES;
				CLANG_WARN_CONSTANT_CONVERSION = YES;
				CLANG_WARN_DEPRECATED_OBJC_IMPLEMENTATIONS = YES;
				CLANG_WARN_DIRECT_OBJC_ISA_USAGE = YES_ERROR;
				CLANG_WARN_EMPTY_BODY = YES;
				CLANG_WARN_ENUM_CONVERSION = YES;
				CLANG_WARN_INFINITE_RECURSION = YES;
				CLANG_WARN_INT_CONVERSION = YES;
				CLANG_WARN_NON_LITERAL_NULL_CONVERSION = YES;
				CLANG_WARN_OBJC_IMPLICIT_RETAIN_SELF = YES;
				CLANG_WARN_OBJC_LITERAL_CONVERSION = YES;
				CLANG_WARN_OBJC_ROOT_CLASS = YES_ERROR;
				CLANG_WARN_RANGE_LOOP_ANALYSIS = YES;
				CLANG_WARN_STRICT_PROTOTYPES = YES;
				CLANG_WARN_SUSPICIOUS_MOVE = YES;
				CLANG_WARN_UNREACHABLE_CODE = YES;
				CLANG_WARN__DUPLICATE_METHOD_MATCH = YES;
				"CODE_SIGN_IDENTITY[sdk=iphoneos*]" = "iPhone Developer";
				COPY_PHASE_STRIP = NO;
				DEBUG_INFORMATION_FORMAT = dwarf;
				ENABLE_STRICT_OBJC_MSGSEND = YES;
				ENABLE_TESTABILITY = YES;
				GCC_C_LANGUAGE_STANDARD = gnu99;
				GCC_DYNAMIC_NO_PIC = NO;
				GCC_NO_COMMON_BLOCKS = YES;
				GCC_OPTIMIZATION_LEVEL = 0;
				GCC_PREPROCESSOR_DEFINITIONS = (
					"DEBUG=1",
					"$(inherited)",
				);
				GCC_WARN_64_TO_32_BIT_CONVERSION = YES;
				GCC_WARN_ABOUT_RETURN_TYPE = YES_ERROR;
				GCC_WARN_UNDECLARED_SELECTOR = YES;
				GCC_WARN_UNINITIALIZED_AUTOS = YES_AGGRESSIVE;
				GCC_WARN_UNUSED_FUNCTION = YES;
				GCC_WARN_UNUSED_VARIABLE = YES;
				IPHONEOS_DEPLOYMENT_TARGET = 9.2;
				MTL_ENABLE_DEBUG_INFO = YES;
				ONLY_ACTIVE_ARCH = YES;
				SDKROOT = iphoneos;
			};
			name = Debug;
		};
		900E65A81C2BB8D5003D9A9E /* Release */ = {
			isa = XCBuildConfiguration;
			buildSettings = {
				ALWAYS_SEARCH_USER_PATHS = NO;
				CLANG_ANALYZER_LOCALIZABILITY_NONLOCALIZED = YES;
				CLANG_CXX_LANGUAGE_STANDARD = "gnu++0x";
				CLANG_CXX_LIBRARY = "libc++";
				CLANG_ENABLE_MODULES = YES;
				CLANG_ENABLE_OBJC_ARC = YES;
				CLANG_WARN_BLOCK_CAPTURE_AUTORELEASING = YES;
				CLANG_WARN_BOOL_CONVERSION = YES;
				CLANG_WARN_COMMA = YES;
				CLANG_WARN_CONSTANT_CONVERSION = YES;
				CLANG_WARN_DEPRECATED_OBJC_IMPLEMENTATIONS = YES;
				CLANG_WARN_DIRECT_OBJC_ISA_USAGE = YES_ERROR;
				CLANG_WARN_EMPTY_BODY = YES;
				CLANG_WARN_ENUM_CONVERSION = YES;
				CLANG_WARN_INFINITE_RECURSION = YES;
				CLANG_WARN_INT_CONVERSION = YES;
				CLANG_WARN_NON_LITERAL_NULL_CONVERSION = YES;
				CLANG_WARN_OBJC_IMPLICIT_RETAIN_SELF = YES;
				CLANG_WARN_OBJC_LITERAL_CONVERSION = YES;
				CLANG_WARN_OBJC_ROOT_CLASS = YES_ERROR;
				CLANG_WARN_RANGE_LOOP_ANALYSIS = YES;
				CLANG_WARN_STRICT_PROTOTYPES = YES;
				CLANG_WARN_SUSPICIOUS_MOVE = YES;
				CLANG_WARN_UNREACHABLE_CODE = YES;
				CLANG_WARN__DUPLICATE_METHOD_MATCH = YES;
				"CODE_SIGN_IDENTITY[sdk=iphoneos*]" = "iPhone Developer";
				COPY_PHASE_STRIP = NO;
				DEBUG_INFORMATION_FORMAT = "dwarf-with-dsym";
				ENABLE_NS_ASSERTIONS = NO;
				ENABLE_STRICT_OBJC_MSGSEND = YES;
				GCC_C_LANGUAGE_STANDARD = gnu99;
				GCC_NO_COMMON_BLOCKS = YES;
				GCC_WARN_64_TO_32_BIT_CONVERSION = YES;
				GCC_WARN_ABOUT_RETURN_TYPE = YES_ERROR;
				GCC_WARN_UNDECLARED_SELECTOR = YES;
				GCC_WARN_UNINITIALIZED_AUTOS = YES_AGGRESSIVE;
				GCC_WARN_UNUSED_FUNCTION = YES;
				GCC_WARN_UNUSED_VARIABLE = YES;
				IPHONEOS_DEPLOYMENT_TARGET = 9.2;
				MTL_ENABLE_DEBUG_INFO = NO;
				SDKROOT = iphoneos;
				VALIDATE_PRODUCT = YES;
			};
			name = Release;
		};
		900E65AA1C2BB8D5003D9A9E /* Debug */ = {
			isa = XCBuildConfiguration;
			buildSettings = {
				ASSETCATALOG_COMPILER_APPICON_NAME = AppIcon;
				CODE_SIGN_IDENTITY = "Apple Development";
				"CODE_SIGN_IDENTITY[sdk=iphoneos*]" = "iPhone Developer";
				CODE_SIGN_STYLE = Automatic;
				DEVELOPMENT_TEAM = LTFQDC2QVX;
				FRAMEWORK_SEARCH_PATHS = (
					"$(inherited)",
					"$(PROJECT_DIR)/TZImagePickerController",
				);
				INFOPLIST_FILE = TZImagePickerController/Info.plist;
				IPHONEOS_DEPLOYMENT_TARGET = 8.0;
				LD_RUNPATH_SEARCH_PATHS = "$(inherited) @executable_path/Frameworks";
				MARKETING_VERSION = 3.6.6;
				PRODUCT_BUNDLE_IDENTIFIER = tanzhenios2021.TZImagePickerController.www;
				PRODUCT_NAME = "$(TARGET_NAME)";
				PROVISIONING_PROFILE = "";
				PROVISIONING_PROFILE_SPECIFIER = "";
				TARGETED_DEVICE_FAMILY = "1,2";
			};
			name = Debug;
		};
		900E65AB1C2BB8D5003D9A9E /* Release */ = {
			isa = XCBuildConfiguration;
			buildSettings = {
				ASSETCATALOG_COMPILER_APPICON_NAME = AppIcon;
				CODE_SIGN_IDENTITY = "Apple Development";
				"CODE_SIGN_IDENTITY[sdk=iphoneos*]" = "iPhone Developer";
				CODE_SIGN_STYLE = Automatic;
				DEVELOPMENT_TEAM = LTFQDC2QVX;
				FRAMEWORK_SEARCH_PATHS = (
					"$(inherited)",
					"$(PROJECT_DIR)/TZImagePickerController",
				);
				INFOPLIST_FILE = TZImagePickerController/Info.plist;
				IPHONEOS_DEPLOYMENT_TARGET = 8.0;
				LD_RUNPATH_SEARCH_PATHS = "$(inherited) @executable_path/Frameworks";
				MARKETING_VERSION = 3.6.6;
				PRODUCT_BUNDLE_IDENTIFIER = tanzhenios2021.TZImagePickerController.www;
				PRODUCT_NAME = "$(TARGET_NAME)";
				PROVISIONING_PROFILE = "";
				PROVISIONING_PROFILE_SPECIFIER = "";
				TARGETED_DEVICE_FAMILY = "1,2";
			};
			name = Release;
		};
		900E65AD1C2BB8D5003D9A9E /* Debug */ = {
			isa = XCBuildConfiguration;
			buildSettings = {
				BUNDLE_LOADER = "$(TEST_HOST)";
				INFOPLIST_FILE = TZImagePickerControllerTests/Info.plist;
				LD_RUNPATH_SEARCH_PATHS = "$(inherited) @executable_path/Frameworks @loader_path/Frameworks";
				PRODUCT_BUNDLE_IDENTIFIER = tanzhen.TZImagePickerControllerTests;
				PRODUCT_NAME = "$(TARGET_NAME)";
				TEST_HOST = "$(BUILT_PRODUCTS_DIR)/TZImagePickerController.app/TZImagePickerController";
			};
			name = Debug;
		};
		900E65AE1C2BB8D5003D9A9E /* Release */ = {
			isa = XCBuildConfiguration;
			buildSettings = {
				BUNDLE_LOADER = "$(TEST_HOST)";
				INFOPLIST_FILE = TZImagePickerControllerTests/Info.plist;
				LD_RUNPATH_SEARCH_PATHS = "$(inherited) @executable_path/Frameworks @loader_path/Frameworks";
				PRODUCT_BUNDLE_IDENTIFIER = tanzhen.TZImagePickerControllerTests;
				PRODUCT_NAME = "$(TARGET_NAME)";
				TEST_HOST = "$(BUILT_PRODUCTS_DIR)/TZImagePickerController.app/TZImagePickerController";
			};
			name = Release;
		};
		900E65B01C2BB8D5003D9A9E /* Debug */ = {
			isa = XCBuildConfiguration;
			buildSettings = {
				INFOPLIST_FILE = TZImagePickerControllerUITests/Info.plist;
				LD_RUNPATH_SEARCH_PATHS = "$(inherited) @executable_path/Frameworks @loader_path/Frameworks";
				PRODUCT_BUNDLE_IDENTIFIER = tanzhen.TZImagePickerControllerUITests;
				PRODUCT_NAME = "$(TARGET_NAME)";
				TEST_TARGET_NAME = TZImagePickerController;
				USES_XCTRUNNER = YES;
			};
			name = Debug;
		};
		900E65B11C2BB8D5003D9A9E /* Release */ = {
			isa = XCBuildConfiguration;
			buildSettings = {
				INFOPLIST_FILE = TZImagePickerControllerUITests/Info.plist;
				LD_RUNPATH_SEARCH_PATHS = "$(inherited) @executable_path/Frameworks @loader_path/Frameworks";
				PRODUCT_BUNDLE_IDENTIFIER = tanzhen.TZImagePickerControllerUITests;
				PRODUCT_NAME = "$(TARGET_NAME)";
				TEST_TARGET_NAME = TZImagePickerController;
				USES_XCTRUNNER = YES;
			};
			name = Release;
		};
		9F763A4B1FA071D000D9E526 /* Debug */ = {
			isa = XCBuildConfiguration;
			buildSettings = {
				CLANG_ANALYZER_NONNULL = YES;
				CLANG_ANALYZER_NUMBER_OBJECT_CONVERSION = YES_AGGRESSIVE;
				CLANG_CXX_LANGUAGE_STANDARD = "gnu++14";
				CLANG_WARN_BLOCK_CAPTURE_AUTORELEASING = YES;
				CLANG_WARN_COMMA = YES;
				CLANG_WARN_DOCUMENTATION_COMMENTS = YES;
				CLANG_WARN_INFINITE_RECURSION = YES;
				CLANG_WARN_NON_LITERAL_NULL_CONVERSION = YES;
				CLANG_WARN_OBJC_LITERAL_CONVERSION = YES;
				CLANG_WARN_RANGE_LOOP_ANALYSIS = YES;
				CLANG_WARN_STRICT_PROTOTYPES = YES;
				CLANG_WARN_SUSPICIOUS_MOVE = YES;
				CLANG_WARN_UNGUARDED_AVAILABILITY = YES_AGGRESSIVE;
				CODE_SIGN_IDENTITY = "";
				"CODE_SIGN_IDENTITY[sdk=iphoneos*]" = "iPhone Developer";
				CODE_SIGN_STYLE = Automatic;
				CURRENT_PROJECT_VERSION = 1;
				DEFINES_MODULE = YES;
				DEVELOPMENT_TEAM = "";
				DYLIB_COMPATIBILITY_VERSION = 1;
				DYLIB_CURRENT_VERSION = 1;
				DYLIB_INSTALL_NAME_BASE = "@rpath";
				GCC_C_LANGUAGE_STANDARD = gnu11;
				INFOPLIST_FILE = TZImagePickerControllerFramework/Info.plist;
				INSTALL_PATH = "$(LOCAL_LIBRARY_DIR)/Frameworks";
				IPHONEOS_DEPLOYMENT_TARGET = 8.0;
				LD_RUNPATH_SEARCH_PATHS = "$(inherited) @executable_path/Frameworks @loader_path/Frameworks";
				MARKETING_VERSION = 3.6.6;
				OTHER_LDFLAGS = "-all_load";
				PRODUCT_BUNDLE_IDENTIFIER = tanzhen.TZImagePickerControllerFramework;
				PRODUCT_NAME = TZImagePickerController;
				SKIP_INSTALL = YES;
				TARGETED_DEVICE_FAMILY = "1,2";
				VERSIONING_SYSTEM = "apple-generic";
				VERSION_INFO_PREFIX = "";
			};
			name = Debug;
		};
		9F763A4C1FA071D000D9E526 /* Release */ = {
			isa = XCBuildConfiguration;
			buildSettings = {
				CLANG_ANALYZER_NONNULL = YES;
				CLANG_ANALYZER_NUMBER_OBJECT_CONVERSION = YES_AGGRESSIVE;
				CLANG_CXX_LANGUAGE_STANDARD = "gnu++14";
				CLANG_WARN_BLOCK_CAPTURE_AUTORELEASING = YES;
				CLANG_WARN_COMMA = YES;
				CLANG_WARN_DOCUMENTATION_COMMENTS = YES;
				CLANG_WARN_INFINITE_RECURSION = YES;
				CLANG_WARN_NON_LITERAL_NULL_CONVERSION = YES;
				CLANG_WARN_OBJC_LITERAL_CONVERSION = YES;
				CLANG_WARN_RANGE_LOOP_ANALYSIS = YES;
				CLANG_WARN_STRICT_PROTOTYPES = YES;
				CLANG_WARN_SUSPICIOUS_MOVE = YES;
				CLANG_WARN_UNGUARDED_AVAILABILITY = YES_AGGRESSIVE;
				CODE_SIGN_IDENTITY = "";
				"CODE_SIGN_IDENTITY[sdk=iphoneos*]" = "iPhone Developer";
				CODE_SIGN_STYLE = Automatic;
				CURRENT_PROJECT_VERSION = 1;
				DEFINES_MODULE = YES;
				DEVELOPMENT_TEAM = "";
				DYLIB_COMPATIBILITY_VERSION = 1;
				DYLIB_CURRENT_VERSION = 1;
				DYLIB_INSTALL_NAME_BASE = "@rpath";
				GCC_C_LANGUAGE_STANDARD = gnu11;
				INFOPLIST_FILE = TZImagePickerControllerFramework/Info.plist;
				INSTALL_PATH = "$(LOCAL_LIBRARY_DIR)/Frameworks";
				IPHONEOS_DEPLOYMENT_TARGET = 8.0;
				LD_RUNPATH_SEARCH_PATHS = "$(inherited) @executable_path/Frameworks @loader_path/Frameworks";
				MARKETING_VERSION = 3.6.6;
				OTHER_LDFLAGS = "-all_load";
				PRODUCT_BUNDLE_IDENTIFIER = tanzhen.TZImagePickerControllerFramework;
				PRODUCT_NAME = TZImagePickerController;
				SKIP_INSTALL = YES;
				TARGETED_DEVICE_FAMILY = "1,2";
				VERSIONING_SYSTEM = "apple-generic";
				VERSION_INFO_PREFIX = "";
			};
			name = Release;
		};
/* End XCBuildConfiguration section */

/* Begin XCConfigurationList section */
		900E65771C2BB8D5003D9A9E /* Build configuration list for PBXProject "TZImagePickerController" */ = {
			isa = XCConfigurationList;
			buildConfigurations = (
				900E65A71C2BB8D5003D9A9E /* Debug */,
				900E65A81C2BB8D5003D9A9E /* Release */,
			);
			defaultConfigurationIsVisible = 0;
			defaultConfigurationName = Release;
		};
		900E65A91C2BB8D5003D9A9E /* Build configuration list for PBXNativeTarget "TZImagePickerController" */ = {
			isa = XCConfigurationList;
			buildConfigurations = (
				900E65AA1C2BB8D5003D9A9E /* Debug */,
				900E65AB1C2BB8D5003D9A9E /* Release */,
			);
			defaultConfigurationIsVisible = 0;
			defaultConfigurationName = Release;
		};
		900E65AC1C2BB8D5003D9A9E /* Build configuration list for PBXNativeTarget "TZImagePickerControllerTests" */ = {
			isa = XCConfigurationList;
			buildConfigurations = (
				900E65AD1C2BB8D5003D9A9E /* Debug */,
				900E65AE1C2BB8D5003D9A9E /* Release */,
			);
			defaultConfigurationIsVisible = 0;
			defaultConfigurationName = Release;
		};
		900E65AF1C2BB8D5003D9A9E /* Build configuration list for PBXNativeTarget "TZImagePickerControllerUITests" */ = {
			isa = XCConfigurationList;
			buildConfigurations = (
				900E65B01C2BB8D5003D9A9E /* Debug */,
				900E65B11C2BB8D5003D9A9E /* Release */,
			);
			defaultConfigurationIsVisible = 0;
			defaultConfigurationName = Release;
		};
		9F763A4D1FA071D000D9E526 /* Build configuration list for PBXNativeTarget "TZImagePickerControllerFramework" */ = {
			isa = XCConfigurationList;
			buildConfigurations = (
				9F763A4B1FA071D000D9E526 /* Debug */,
				9F763A4C1FA071D000D9E526 /* Release */,
			);
			defaultConfigurationIsVisible = 0;
			defaultConfigurationName = Release;
		};
/* End XCConfigurationList section */
	};
	rootObject = 900E65741C2BB8D5003D9A9E /* Project object */;
}
